// !$*UTF8*$!
{
	archiveVersion = 1;
	classes = {
	};
	objectVersion = 56;
	objects = {

/* Begin PBXBuildFile section */
		D3B62B392A88EE0900071676 /* FormattedDate.swift in Sources */ = {isa = PBXBuildFile; fileRef = D3B62B382A88EE0900071676 /* FormattedDate.swift */; };
		D3B62B3B2A89011E00071676 /* DetailTaskView.swift in Sources */ = {isa = PBXBuildFile; fileRef = D3B62B3A2A89011E00071676 /* DetailTaskView.swift */; };
		D3B8F0342A87DE3C000C5FC3 /* MyToDoListApp.swift in Sources */ = {isa = PBXBuildFile; fileRef = D3B8F0332A87DE3C000C5FC3 /* MyToDoListApp.swift */; };
		D3B8F0382A87DE3D000C5FC3 /* Assets.xcassets in Resources */ = {isa = PBXBuildFile; fileRef = D3B8F0372A87DE3D000C5FC3 /* Assets.xcassets */; };
		D3B8F03B2A87DE3D000C5FC3 /* Preview Assets.xcassets in Resources */ = {isa = PBXBuildFile; fileRef = D3B8F03A2A87DE3D000C5FC3 /* Preview Assets.xcassets */; };
		D3B8F03D2A87DE3D000C5FC3 /* Persistence.swift in Sources */ = {isa = PBXBuildFile; fileRef = D3B8F03C2A87DE3D000C5FC3 /* Persistence.swift */; };
		D3B8F0402A87DE3D000C5FC3 /* MyToDoList.xcdatamodeld in Sources */ = {isa = PBXBuildFile; fileRef = D3B8F03E2A87DE3D000C5FC3 /* MyToDoList.xcdatamodeld */; };
		D3B8F04A2A87DE3D000C5FC3 /* MyToDoListTests.swift in Sources */ = {isa = PBXBuildFile; fileRef = D3B8F0492A87DE3D000C5FC3 /* MyToDoListTests.swift */; };
		D3B8F0542A87DE3D000C5FC3 /* MyToDoListUITests.swift in Sources */ = {isa = PBXBuildFile; fileRef = D3B8F0532A87DE3D000C5FC3 /* MyToDoListUITests.swift */; };
		D3B8F0562A87DE3D000C5FC3 /* MyToDoListUITestsLaunchTests.swift in Sources */ = {isa = PBXBuildFile; fileRef = D3B8F0552A87DE3D000C5FC3 /* MyToDoListUITestsLaunchTests.swift */; };
		D3B8F0762A8823BF000C5FC3 /* HomeView.swift in Sources */ = {isa = PBXBuildFile; fileRef = D3B8F0752A8823BF000C5FC3 /* HomeView.swift */; };
		D3B8F0792A882953000C5FC3 /* TodoListView.swift in Sources */ = {isa = PBXBuildFile; fileRef = D3B8F0782A882953000C5FC3 /* TodoListView.swift */; };
		D3B8F07C2A8831E6000C5FC3 /* TaskView.swift in Sources */ = {isa = PBXBuildFile; fileRef = D3B8F07B2A8831E6000C5FC3 /* TaskView.swift */; };
/* End PBXBuildFile section */

/* Begin PBXContainerItemProxy section */
		D3B8F0462A87DE3D000C5FC3 /* PBXContainerItemProxy */ = {
			isa = PBXContainerItemProxy;
			containerPortal = D3B8F0282A87DE3C000C5FC3 /* Project object */;
			proxyType = 1;
			remoteGlobalIDString = D3B8F02F2A87DE3C000C5FC3;
			remoteInfo = MyToDoList;
		};
		D3B8F0502A87DE3D000C5FC3 /* PBXContainerItemProxy */ = {
			isa = PBXContainerItemProxy;
			containerPortal = D3B8F0282A87DE3C000C5FC3 /* Project object */;
			proxyType = 1;
			remoteGlobalIDString = D3B8F02F2A87DE3C000C5FC3;
			remoteInfo = MyToDoList;
		};
/* End PBXContainerItemProxy section */

/* Begin PBXFileReference section */
		D3B62B382A88EE0900071676 /* FormattedDate.swift */ = {isa = PBXFileReference; lastKnownFileType = sourcecode.swift; path = FormattedDate.swift; sourceTree = "<group>"; };
		D3B62B3A2A89011E00071676 /* DetailTaskView.swift */ = {isa = PBXFileReference; lastKnownFileType = sourcecode.swift; path = DetailTaskView.swift; sourceTree = "<group>"; };
		D3B8F0302A87DE3C000C5FC3 /* MyToDoList.app */ = {isa = PBXFileReference; explicitFileType = wrapper.application; includeInIndex = 0; path = MyToDoList.app; sourceTree = BUILT_PRODUCTS_DIR; };
		D3B8F0332A87DE3C000C5FC3 /* MyToDoListApp.swift */ = {isa = PBXFileReference; lastKnownFileType = sourcecode.swift; path = MyToDoListApp.swift; sourceTree = "<group>"; };
		D3B8F0372A87DE3D000C5FC3 /* Assets.xcassets */ = {isa = PBXFileReference; lastKnownFileType = folder.assetcatalog; path = Assets.xcassets; sourceTree = "<group>"; };
		D3B8F03A2A87DE3D000C5FC3 /* Preview Assets.xcassets */ = {isa = PBXFileReference; lastKnownFileType = folder.assetcatalog; path = "Preview Assets.xcassets"; sourceTree = "<group>"; };
		D3B8F03C2A87DE3D000C5FC3 /* Persistence.swift */ = {isa = PBXFileReference; lastKnownFileType = sourcecode.swift; path = Persistence.swift; sourceTree = "<group>"; };
		D3B8F03F2A87DE3D000C5FC3 /* MyToDoList.xcdatamodel */ = {isa = PBXFileReference; lastKnownFileType = wrapper.xcdatamodel; path = MyToDoList.xcdatamodel; sourceTree = "<group>"; };
		D3B8F0452A87DE3D000C5FC3 /* MyToDoListTests.xctest */ = {isa = PBXFileReference; explicitFileType = wrapper.cfbundle; includeInIndex = 0; path = MyToDoListTests.xctest; sourceTree = BUILT_PRODUCTS_DIR; };
		D3B8F0492A87DE3D000C5FC3 /* MyToDoListTests.swift */ = {isa = PBXFileReference; lastKnownFileType = sourcecode.swift; path = MyToDoListTests.swift; sourceTree = "<group>"; };
		D3B8F04F2A87DE3D000C5FC3 /* MyToDoListUITests.xctest */ = {isa = PBXFileReference; explicitFileType = wrapper.cfbundle; includeInIndex = 0; path = MyToDoListUITests.xctest; sourceTree = BUILT_PRODUCTS_DIR; };
		D3B8F0532A87DE3D000C5FC3 /* MyToDoListUITests.swift */ = {isa = PBXFileReference; lastKnownFileType = sourcecode.swift; path = MyToDoListUITests.swift; sourceTree = "<group>"; };
		D3B8F0552A87DE3D000C5FC3 /* MyToDoListUITestsLaunchTests.swift */ = {isa = PBXFileReference; lastKnownFileType = sourcecode.swift; path = MyToDoListUITestsLaunchTests.swift; sourceTree = "<group>"; };
		D3B8F0752A8823BF000C5FC3 /* HomeView.swift */ = {isa = PBXFileReference; lastKnownFileType = sourcecode.swift; path = HomeView.swift; sourceTree = "<group>"; };
		D3B8F0782A882953000C5FC3 /* TodoListView.swift */ = {isa = PBXFileReference; lastKnownFileType = sourcecode.swift; path = TodoListView.swift; sourceTree = "<group>"; };
		D3B8F07B2A8831E6000C5FC3 /* TaskView.swift */ = {isa = PBXFileReference; lastKnownFileType = sourcecode.swift; path = TaskView.swift; sourceTree = "<group>"; };
/* End PBXFileReference section */

/* Begin PBXFrameworksBuildPhase section */
		D3B8F02D2A87DE3C000C5FC3 /* Frameworks */ = {
			isa = PBXFrameworksBuildPhase;
			buildActionMask = 2147483647;
			files = (
			);
			runOnlyForDeploymentPostprocessing = 0;
		};
		D3B8F0422A87DE3D000C5FC3 /* Frameworks */ = {
			isa = PBXFrameworksBuildPhase;
			buildActionMask = 2147483647;
			files = (
			);
			runOnlyForDeploymentPostprocessing = 0;
		};
		D3B8F04C2A87DE3D000C5FC3 /* Frameworks */ = {
			isa = PBXFrameworksBuildPhase;
			buildActionMask = 2147483647;
			files = (
			);
			runOnlyForDeploymentPostprocessing = 0;
		};
/* End PBXFrameworksBuildPhase section */

/* Begin PBXGroup section */
		D3B62B362A88E94300071676 /* model */ = {
			isa = PBXGroup;
			children = (
			);
			path = model;
			sourceTree = "<group>";
		};
		D3B62B372A88EDB300071676 /* service */ = {
			isa = PBXGroup;
			children = (
				D3B62B382A88EE0900071676 /* FormattedDate.swift */,
			);
			path = service;
			sourceTree = "<group>";
		};
		D3B62B3C2A8902FA00071676 /* type */ = {
			isa = PBXGroup;
			children = (
			);
			path = type;
			sourceTree = "<group>";
		};
		D3B62B3F2A8932F900071676 /* task */ = {
			isa = PBXGroup;
			children = (
				D3B8F07B2A8831E6000C5FC3 /* TaskView.swift */,
				D3B62B3A2A89011E00071676 /* DetailTaskView.swift */,
			);
			path = task;
			sourceTree = "<group>";
		};
		D3B8F0272A87DE3C000C5FC3 = {
			isa = PBXGroup;
			children = (
				D3B8F0322A87DE3C000C5FC3 /* MyToDoList */,
				D3B8F0482A87DE3D000C5FC3 /* MyToDoListTests */,
				D3B8F0522A87DE3D000C5FC3 /* MyToDoListUITests */,
				D3B8F0312A87DE3C000C5FC3 /* Products */,
			);
			sourceTree = "<group>";
		};
		D3B8F0312A87DE3C000C5FC3 /* Products */ = {
			isa = PBXGroup;
			children = (
				D3B8F0302A87DE3C000C5FC3 /* MyToDoList.app */,
				D3B8F0452A87DE3D000C5FC3 /* MyToDoListTests.xctest */,
				D3B8F04F2A87DE3D000C5FC3 /* MyToDoListUITests.xctest */,
			);
			name = Products;
			sourceTree = "<group>";
		};
		D3B8F0322A87DE3C000C5FC3 /* MyToDoList */ = {
			isa = PBXGroup;
			children = (
				D3B8F0332A87DE3C000C5FC3 /* MyToDoListApp.swift */,
				D3B8F0702A87F048000C5FC3 /* src */,
				D3B8F0372A87DE3D000C5FC3 /* Assets.xcassets */,
				D3B8F0392A87DE3D000C5FC3 /* Preview Content */,
			);
			path = MyToDoList;
			sourceTree = "<group>";
		};
		D3B8F0392A87DE3D000C5FC3 /* Preview Content */ = {
			isa = PBXGroup;
			children = (
				D3B8F03A2A87DE3D000C5FC3 /* Preview Assets.xcassets */,
			);
			path = "Preview Content";
			sourceTree = "<group>";
		};
		D3B8F0482A87DE3D000C5FC3 /* MyToDoListTests */ = {
			isa = PBXGroup;
			children = (
				D3B8F0492A87DE3D000C5FC3 /* MyToDoListTests.swift */,
			);
			path = MyToDoListTests;
			sourceTree = "<group>";
		};
		D3B8F0522A87DE3D000C5FC3 /* MyToDoListUITests */ = {
			isa = PBXGroup;
			children = (
				D3B8F0532A87DE3D000C5FC3 /* MyToDoListUITests.swift */,
				D3B8F0552A87DE3D000C5FC3 /* MyToDoListUITestsLaunchTests.swift */,
			);
			path = MyToDoListUITests;
			sourceTree = "<group>";
		};
		D3B8F0702A87F048000C5FC3 /* src */ = {
			isa = PBXGroup;
			children = (
				D3B8F0722A882192000C5FC3 /* data */,
				D3B62B362A88E94300071676 /* model */,
				D3B62B372A88EDB300071676 /* service */,
				D3B62B3C2A8902FA00071676 /* type */,
				D3B8F0712A88217A000C5FC3 /* view */,
			);
			path = src;
			sourceTree = "<group>";
		};
		D3B8F0712A88217A000C5FC3 /* view */ = {
			isa = PBXGroup;
			children = (
				D3B8F07A2A883196000C5FC3 /* components */,
				D3B8F0772A882614000C5FC3 /* page */,
			);
			path = view;
			sourceTree = "<group>";
		};
		D3B8F0722A882192000C5FC3 /* data */ = {
			isa = PBXGroup;
			children = (
				D3B8F03C2A87DE3D000C5FC3 /* Persistence.swift */,
				D3B8F03E2A87DE3D000C5FC3 /* MyToDoList.xcdatamodeld */,
			);
			path = data;
			sourceTree = "<group>";
		};
		D3B8F0772A882614000C5FC3 /* page */ = {
			isa = PBXGroup;
			children = (
				D3B8F0752A8823BF000C5FC3 /* HomeView.swift */,
				D3B8F0782A882953000C5FC3 /* TodoListView.swift */,
			);
			path = page;
			sourceTree = "<group>";
		};
		D3B8F07A2A883196000C5FC3 /* components */ = {
			isa = PBXGroup;
			children = (
				D3B62B3F2A8932F900071676 /* task */,
			);
			path = components;
			sourceTree = "<group>";
		};
/* End PBXGroup section */

/* Begin PBXNativeTarget section */
		D3B8F02F2A87DE3C000C5FC3 /* MyToDoList */ = {
			isa = PBXNativeTarget;
			buildConfigurationList = D3B8F0592A87DE3D000C5FC3 /* Build configuration list for PBXNativeTarget "MyToDoList" */;
			buildPhases = (
				D3B8F02C2A87DE3C000C5FC3 /* Sources */,
				D3B8F02D2A87DE3C000C5FC3 /* Frameworks */,
				D3B8F02E2A87DE3C000C5FC3 /* Resources */,
			);
			buildRules = (
			);
			dependencies = (
			);
			name = MyToDoList;
			productName = MyToDoList;
			productReference = D3B8F0302A87DE3C000C5FC3 /* MyToDoList.app */;
			productType = "com.apple.product-type.application";
		};
		D3B8F0442A87DE3D000C5FC3 /* MyToDoListTests */ = {
			isa = PBXNativeTarget;
			buildConfigurationList = D3B8F05C2A87DE3D000C5FC3 /* Build configuration list for PBXNativeTarget "MyToDoListTests" */;
			buildPhases = (
				D3B8F0412A87DE3D000C5FC3 /* Sources */,
				D3B8F0422A87DE3D000C5FC3 /* Frameworks */,
				D3B8F0432A87DE3D000C5FC3 /* Resources */,
			);
			buildRules = (
			);
			dependencies = (
				D3B8F0472A87DE3D000C5FC3 /* PBXTargetDependency */,
			);
			name = MyToDoListTests;
			productName = MyToDoListTests;
			productReference = D3B8F0452A87DE3D000C5FC3 /* MyToDoListTests.xctest */;
			productType = "com.apple.product-type.bundle.unit-test";
		};
		D3B8F04E2A87DE3D000C5FC3 /* MyToDoListUITests */ = {
			isa = PBXNativeTarget;
			buildConfigurationList = D3B8F05F2A87DE3D000C5FC3 /* Build configuration list for PBXNativeTarget "MyToDoListUITests" */;
			buildPhases = (
				D3B8F04B2A87DE3D000C5FC3 /* Sources */,
				D3B8F04C2A87DE3D000C5FC3 /* Frameworks */,
				D3B8F04D2A87DE3D000C5FC3 /* Resources */,
			);
			buildRules = (
			);
			dependencies = (
				D3B8F0512A87DE3D000C5FC3 /* PBXTargetDependency */,
			);
			name = MyToDoListUITests;
			productName = MyToDoListUITests;
			productReference = D3B8F04F2A87DE3D000C5FC3 /* MyToDoListUITests.xctest */;
			productType = "com.apple.product-type.bundle.ui-testing";
		};
/* End PBXNativeTarget section */

/* Begin PBXProject section */
		D3B8F0282A87DE3C000C5FC3 /* Project object */ = {
			isa = PBXProject;
			attributes = {
				BuildIndependentTargetsInParallel = 1;
				LastSwiftUpdateCheck = 1430;
				LastUpgradeCheck = 1430;
				TargetAttributes = {
					D3B8F02F2A87DE3C000C5FC3 = {
						CreatedOnToolsVersion = 14.3.1;
					};
					D3B8F0442A87DE3D000C5FC3 = {
						CreatedOnToolsVersion = 14.3.1;
						TestTargetID = D3B8F02F2A87DE3C000C5FC3;
					};
					D3B8F04E2A87DE3D000C5FC3 = {
						CreatedOnToolsVersion = 14.3.1;
						TestTargetID = D3B8F02F2A87DE3C000C5FC3;
					};
				};
			};
			buildConfigurationList = D3B8F02B2A87DE3C000C5FC3 /* Build configuration list for PBXProject "MyToDoList" */;
			compatibilityVersion = "Xcode 14.0";
			developmentRegion = en;
			hasScannedForEncodings = 0;
			knownRegions = (
				en,
				Base,
			);
			mainGroup = D3B8F0272A87DE3C000C5FC3;
			productRefGroup = D3B8F0312A87DE3C000C5FC3 /* Products */;
			projectDirPath = "";
			projectRoot = "";
			targets = (
				D3B8F02F2A87DE3C000C5FC3 /* MyToDoList */,
				D3B8F0442A87DE3D000C5FC3 /* MyToDoListTests */,
				D3B8F04E2A87DE3D000C5FC3 /* MyToDoListUITests */,
			);
		};
/* End PBXProject section */

/* Begin PBXResourcesBuildPhase section */
		D3B8F02E2A87DE3C000C5FC3 /* Resources */ = {
			isa = PBXResourcesBuildPhase;
			buildActionMask = 2147483647;
			files = (
				D3B8F03B2A87DE3D000C5FC3 /* Preview Assets.xcassets in Resources */,
				D3B8F0382A87DE3D000C5FC3 /* Assets.xcassets in Resources */,
			);
			runOnlyForDeploymentPostprocessing = 0;
		};
		D3B8F0432A87DE3D000C5FC3 /* Resources */ = {
			isa = PBXResourcesBuildPhase;
			buildActionMask = 2147483647;
			files = (
			);
			runOnlyForDeploymentPostprocessing = 0;
		};
		D3B8F04D2A87DE3D000C5FC3 /* Resources */ = {
			isa = PBXResourcesBuildPhase;
			buildActionMask = 2147483647;
			files = (
			);
			runOnlyForDeploymentPostprocessing = 0;
		};
/* End PBXResourcesBuildPhase section */

/* Begin PBXSourcesBuildPhase section */
		D3B8F02C2A87DE3C000C5FC3 /* Sources */ = {
			isa = PBXSourcesBuildPhase;
			buildActionMask = 2147483647;
			files = (
				D3B62B3B2A89011E00071676 /* DetailTaskView.swift in Sources */,
				D3B8F03D2A87DE3D000C5FC3 /* Persistence.swift in Sources */,
				D3B8F07C2A8831E6000C5FC3 /* TaskView.swift in Sources */,
				D3B8F0342A87DE3C000C5FC3 /* MyToDoListApp.swift in Sources */,
				D3B8F0792A882953000C5FC3 /* TodoListView.swift in Sources */,
				D3B8F0402A87DE3D000C5FC3 /* MyToDoList.xcdatamodeld in Sources */,
				D3B62B392A88EE0900071676 /* FormattedDate.swift in Sources */,
				D3B8F0762A8823BF000C5FC3 /* HomeView.swift in Sources */,
			);
			runOnlyForDeploymentPostprocessing = 0;
		};
		D3B8F0412A87DE3D000C5FC3 /* Sources */ = {
			isa = PBXSourcesBuildPhase;
			buildActionMask = 2147483647;
			files = (
				D3B8F04A2A87DE3D000C5FC3 /* MyToDoListTests.swift in Sources */,
			);
			runOnlyForDeploymentPostprocessing = 0;
		};
		D3B8F04B2A87DE3D000C5FC3 /* Sources */ = {
			isa = PBXSourcesBuildPhase;
			buildActionMask = 2147483647;
			files = (
				D3B8F0562A87DE3D000C5FC3 /* MyToDoListUITestsLaunchTests.swift in Sources */,
				D3B8F0542A87DE3D000C5FC3 /* MyToDoListUITests.swift in Sources */,
			);
			runOnlyForDeploymentPostprocessing = 0;
		};
/* End PBXSourcesBuildPhase section */

/* Begin PBXTargetDependency section */
		D3B8F0472A87DE3D000C5FC3 /* PBXTargetDependency */ = {
			isa = PBXTargetDependency;
			target = D3B8F02F2A87DE3C000C5FC3 /* MyToDoList */;
			targetProxy = D3B8F0462A87DE3D000C5FC3 /* PBXContainerItemProxy */;
		};
		D3B8F0512A87DE3D000C5FC3 /* PBXTargetDependency */ = {
			isa = PBXTargetDependency;
			target = D3B8F02F2A87DE3C000C5FC3 /* MyToDoList */;
			targetProxy = D3B8F0502A87DE3D000C5FC3 /* PBXContainerItemProxy */;
		};
/* End PBXTargetDependency section */

/* Begin XCBuildConfiguration section */
		D3B8F0572A87DE3D000C5FC3 /* Debug */ = {
			isa = XCBuildConfiguration;
			buildSettings = {
				ALWAYS_SEARCH_USER_PATHS = NO;
				CLANG_ANALYZER_NONNULL = YES;
				CLANG_ANALYZER_NUMBER_OBJECT_CONVERSION = YES_AGGRESSIVE;
				CLANG_CXX_LANGUAGE_STANDARD = "gnu++20";
				CLANG_ENABLE_MODULES = YES;
				CLANG_ENABLE_OBJC_ARC = YES;
				CLANG_ENABLE_OBJC_WEAK = YES;
				CLANG_WARN_BLOCK_CAPTURE_AUTORELEASING = YES;
				CLANG_WARN_BOOL_CONVERSION = YES;
				CLANG_WARN_COMMA = YES;
				CLANG_WARN_CONSTANT_CONVERSION = YES;
				CLANG_WARN_DEPRECATED_OBJC_IMPLEMENTATIONS = YES;
				CLANG_WARN_DIRECT_OBJC_ISA_USAGE = YES_ERROR;
				CLANG_WARN_DOCUMENTATION_COMMENTS = YES;
				CLANG_WARN_EMPTY_BODY = YES;
				CLANG_WARN_ENUM_CONVERSION = YES;
				CLANG_WARN_INFINITE_RECURSION = YES;
				CLANG_WARN_INT_CONVERSION = YES;
				CLANG_WARN_NON_LITERAL_NULL_CONVERSION = YES;
				CLANG_WARN_OBJC_IMPLICIT_RETAIN_SELF = YES;
				CLANG_WARN_OBJC_LITERAL_CONVERSION = YES;
				CLANG_WARN_OBJC_ROOT_CLASS = YES_ERROR;
				CLANG_WARN_QUOTED_INCLUDE_IN_FRAMEWORK_HEADER = YES;
				CLANG_WARN_RANGE_LOOP_ANALYSIS = YES;
				CLANG_WARN_STRICT_PROTOTYPES = YES;
				CLANG_WARN_SUSPICIOUS_MOVE = YES;
				CLANG_WARN_UNGUARDED_AVAILABILITY = YES_AGGRESSIVE;
				CLANG_WARN_UNREACHABLE_CODE = YES;
				CLANG_WARN__DUPLICATE_METHOD_MATCH = YES;
				COPY_PHASE_STRIP = NO;
				DEBUG_INFORMATION_FORMAT = dwarf;
				ENABLE_STRICT_OBJC_MSGSEND = YES;
				ENABLE_TESTABILITY = YES;
				GCC_C_LANGUAGE_STANDARD = gnu11;
				GCC_DYNAMIC_NO_PIC = NO;
				GCC_NO_COMMON_BLOCKS = YES;
				GCC_OPTIMIZATION_LEVEL = 0;
				GCC_PREPROCESSOR_DEFINITIONS = (
					"DEBUG=1",
					"$(inherited)",
				);
				GCC_WARN_64_TO_32_BIT_CONVERSION = YES;
				GCC_WARN_ABOUT_RETURN_TYPE = YES_ERROR;
				GCC_WARN_UNDECLARED_SELECTOR = YES;
				GCC_WARN_UNINITIALIZED_AUTOS = YES_AGGRESSIVE;
				GCC_WARN_UNUSED_FUNCTION = YES;
				GCC_WARN_UNUSED_VARIABLE = YES;
				IPHONEOS_DEPLOYMENT_TARGET = 16.4;
				MTL_ENABLE_DEBUG_INFO = INCLUDE_SOURCE;
				MTL_FAST_MATH = YES;
				ONLY_ACTIVE_ARCH = YES;
				SDKROOT = iphoneos;
				SWIFT_ACTIVE_COMPILATION_CONDITIONS = DEBUG;
				SWIFT_OPTIMIZATION_LEVEL = "-Onone";
			};
			name = Debug;
		};
		D3B8F0582A87DE3D000C5FC3 /* Release */ = {
			isa = XCBuildConfiguration;
			buildSettings = {
				ALWAYS_SEARCH_USER_PATHS = NO;
				CLANG_ANALYZER_NONNULL = YES;
				CLANG_ANALYZER_NUMBER_OBJECT_CONVERSION = YES_AGGRESSIVE;
				CLANG_CXX_LANGUAGE_STANDARD = "gnu++20";
				CLANG_ENABLE_MODULES = YES;
				CLANG_ENABLE_OBJC_ARC = YES;
				CLANG_ENABLE_OBJC_WEAK = YES;
				CLANG_WARN_BLOCK_CAPTURE_AUTORELEASING = YES;
				CLANG_WARN_BOOL_CONVERSION = YES;
				CLANG_WARN_COMMA = YES;
				CLANG_WARN_CONSTANT_CONVERSION = YES;
				CLANG_WARN_DEPRECATED_OBJC_IMPLEMENTATIONS = YES;
				CLANG_WARN_DIRECT_OBJC_ISA_USAGE = YES_ERROR;
				CLANG_WARN_DOCUMENTATION_COMMENTS = YES;
				CLANG_WARN_EMPTY_BODY = YES;
				CLANG_WARN_ENUM_CONVERSION = YES;
				CLANG_WARN_INFINITE_RECURSION = YES;
				CLANG_WARN_INT_CONVERSION = YES;
				CLANG_WARN_NON_LITERAL_NULL_CONVERSION = YES;
				CLANG_WARN_OBJC_IMPLICIT_RETAIN_SELF = YES;
				CLANG_WARN_OBJC_LITERAL_CONVERSION = YES;
				CLANG_WARN_OBJC_ROOT_CLASS = YES_ERROR;
				CLANG_WARN_QUOTED_INCLUDE_IN_FRAMEWORK_HEADER = YES;
				CLANG_WARN_RANGE_LOOP_ANALYSIS = YES;
				CLANG_WARN_STRICT_PROTOTYPES = YES;
				CLANG_WARN_SUSPICIOUS_MOVE = YES;
				CLANG_WARN_UNGUARDED_AVAILABILITY = YES_AGGRESSIVE;
				CLANG_WARN_UNREACHABLE_CODE = YES;
				CLANG_WARN__DUPLICATE_METHOD_MATCH = YES;
				COPY_PHASE_STRIP = NO;
				DEBUG_INFORMATION_FORMAT = "dwarf-with-dsym";
				ENABLE_NS_ASSERTIONS = NO;
				ENABLE_STRICT_OBJC_MSGSEND = YES;
				GCC_C_LANGUAGE_STANDARD = gnu11;
				GCC_NO_COMMON_BLOCKS = YES;
				GCC_WARN_64_TO_32_BIT_CONVERSION = YES;
				GCC_WARN_ABOUT_RETURN_TYPE = YES_ERROR;
				GCC_WARN_UNDECLARED_SELECTOR = YES;
				GCC_WARN_UNINITIALIZED_AUTOS = YES_AGGRESSIVE;
				GCC_WARN_UNUSED_FUNCTION = YES;
				GCC_WARN_UNUSED_VARIABLE = YES;
				IPHONEOS_DEPLOYMENT_TARGET = 16.4;
				MTL_ENABLE_DEBUG_INFO = NO;
				MTL_FAST_MATH = YES;
				SDKROOT = iphoneos;
				SWIFT_COMPILATION_MODE = wholemodule;
				SWIFT_OPTIMIZATION_LEVEL = "-O";
				VALIDATE_PRODUCT = YES;
			};
			name = Release;
		};
		D3B8F05A2A87DE3D000C5FC3 /* Debug */ = {
			isa = XCBuildConfiguration;
			buildSettings = {
				ASSETCATALOG_COMPILER_APPICON_NAME = AppIcon;
				ASSETCATALOG_COMPILER_GLOBAL_ACCENT_COLOR_NAME = AccentColor;
				CODE_SIGN_STYLE = Automatic;
				CURRENT_PROJECT_VERSION = 1;
				DEVELOPMENT_ASSET_PATHS = "\"MyToDoList/Preview Content\"";
				DEVELOPMENT_TEAM = DZ9AV43LNJ;
				ENABLE_PREVIEWS = YES;
				GENERATE_INFOPLIST_FILE = YES;
				INFOPLIST_KEY_UIApplicationSceneManifest_Generation = YES;
				INFOPLIST_KEY_UIApplicationSupportsIndirectInputEvents = YES;
				INFOPLIST_KEY_UILaunchScreen_Generation = YES;
				INFOPLIST_KEY_UISupportedInterfaceOrientations_iPad = "UIInterfaceOrientationPortrait UIInterfaceOrientationPortraitUpsideDown UIInterfaceOrientationLandscapeLeft UIInterfaceOrientationLandscapeRight";
				INFOPLIST_KEY_UISupportedInterfaceOrientations_iPhone = "UIInterfaceOrientationPortrait UIInterfaceOrientationLandscapeLeft UIInterfaceOrientationLandscapeRight";
				LD_RUNPATH_SEARCH_PATHS = (
					"$(inherited)",
					"@executable_path/Frameworks",
				);
				MARKETING_VERSION = 1.0;
				PRODUCT_BUNDLE_IDENTIFIER = fr.bouboumael.MyToDoList;
				PRODUCT_NAME = "$(TARGET_NAME)";
				SWIFT_EMIT_LOC_STRINGS = YES;
				SWIFT_VERSION = 5.0;
				TARGETED_DEVICE_FAMILY = "1,2";
			};
			name = Debug;
		};
		D3B8F05B2A87DE3D000C5FC3 /* Release */ = {
			isa = XCBuildConfiguration;
			buildSettings = {
				ASSETCATALOG_COMPILER_APPICON_NAME = AppIcon;
				ASSETCATALOG_COMPILER_GLOBAL_ACCENT_COLOR_NAME = AccentColor;
				CODE_SIGN_STYLE = Automatic;
				CURRENT_PROJECT_VERSION = 1;
				DEVELOPMENT_ASSET_PATHS = "\"MyToDoList/Preview Content\"";
				DEVELOPMENT_TEAM = DZ9AV43LNJ;
				ENABLE_PREVIEWS = YES;
				GENERATE_INFOPLIST_FILE = YES;
				INFOPLIST_KEY_UIApplicationSceneManifest_Generation = YES;
				INFOPLIST_KEY_UIApplicationSupportsIndirectInputEvents = YES;
				INFOPLIST_KEY_UILaunchScreen_Generation = YES;
				INFOPLIST_KEY_UISupportedInterfaceOrientations_iPad = "UIInterfaceOrientationPortrait UIInterfaceOrientationPortraitUpsideDown UIInterfaceOrientationLandscapeLeft UIInterfaceOrientationLandscapeRight";
				INFOPLIST_KEY_UISupportedInterfaceOrientations_iPhone = "UIInterfaceOrientationPortrait UIInterfaceOrientationLandscapeLeft UIInterfaceOrientationLandscapeRight";
				LD_RUNPATH_SEARCH_PATHS = (
					"$(inherited)",
					"@executable_path/Frameworks",
				);
				MARKETING_VERSION = 1.0;
				PRODUCT_BUNDLE_IDENTIFIER = fr.bouboumael.MyToDoList;
				PRODUCT_NAME = "$(TARGET_NAME)";
				SWIFT_EMIT_LOC_STRINGS = YES;
				SWIFT_VERSION = 5.0;
				TARGETED_DEVICE_FAMILY = "1,2";
			};
			name = Release;
		};
		D3B8F05D2A87DE3D000C5FC3 /* Debug */ = {
			isa = XCBuildConfiguration;
			buildSettings = {
				ALWAYS_EMBED_SWIFT_STANDARD_LIBRARIES = YES;
				BUNDLE_LOADER = "$(TEST_HOST)";
				CODE_SIGN_STYLE = Automatic;
				CURRENT_PROJECT_VERSION = 1;
				DEVELOPMENT_TEAM = DZ9AV43LNJ;
				GENERATE_INFOPLIST_FILE = YES;
				IPHONEOS_DEPLOYMENT_TARGET = 16.4;
				MARKETING_VERSION = 1.0;
				PRODUCT_BUNDLE_IDENTIFIER = fr.bouboumael.MyToDoListTests;
				PRODUCT_NAME = "$(TARGET_NAME)";
				SWIFT_EMIT_LOC_STRINGS = NO;
				SWIFT_VERSION = 5.0;
				TARGETED_DEVICE_FAMILY = "1,2";
				TEST_HOST = "$(BUILT_PRODUCTS_DIR)/MyToDoList.app/$(BUNDLE_EXECUTABLE_FOLDER_PATH)/MyToDoList";
			};
			name = Debug;
		};
		D3B8F05E2A87DE3D000C5FC3 /* Release */ = {
			isa = XCBuildConfiguration;
			buildSettings = {
				ALWAYS_EMBED_SWIFT_STANDARD_LIBRARIES = YES;
				BUNDLE_LOADER = "$(TEST_HOST)";
				CODE_SIGN_STYLE = Automatic;
				CURRENT_PROJECT_VERSION = 1;
				DEVELOPMENT_TEAM = DZ9AV43LNJ;
				GENERATE_INFOPLIST_FILE = YES;
				IPHONEOS_DEPLOYMENT_TARGET = 16.4;
				MARKETING_VERSION = 1.0;
				PRODUCT_BUNDLE_IDENTIFIER = fr.bouboumael.MyToDoListTests;
				PRODUCT_NAME = "$(TARGET_NAME)";
				SWIFT_EMIT_LOC_STRINGS = NO;
				SWIFT_VERSION = 5.0;
				TARGETED_DEVICE_FAMILY = "1,2";
				TEST_HOST = "$(BUILT_PRODUCTS_DIR)/MyToDoList.app/$(BUNDLE_EXECUTABLE_FOLDER_PATH)/MyToDoList";
			};
			name = Release;
		};
		D3B8F0602A87DE3D000C5FC3 /* Debug */ = {
			isa = XCBuildConfiguration;
			buildSettings = {
				ALWAYS_EMBED_SWIFT_STANDARD_LIBRARIES = YES;
				CODE_SIGN_STYLE = Automatic;
				CURRENT_PROJECT_VERSION = 1;
				DEVELOPMENT_TEAM = DZ9AV43LNJ;
				GENERATE_INFOPLIST_FILE = YES;
				MARKETING_VERSION = 1.0;
				PRODUCT_BUNDLE_IDENTIFIER = fr.bouboumael.MyToDoListUITests;
				PRODUCT_NAME = "$(TARGET_NAME)";
				SWIFT_EMIT_LOC_STRINGS = NO;
				SWIFT_VERSION = 5.0;
				TARGETED_DEVICE_FAMILY = "1,2";
				TEST_TARGET_NAME = MyToDoList;
			};
			name = Debug;
		};
		D3B8F0612A87DE3D000C5FC3 /* Release */ = {
			isa = XCBuildConfiguration;
			buildSettings = {
				ALWAYS_EMBED_SWIFT_STANDARD_LIBRARIES = YES;
				CODE_SIGN_STYLE = Automatic;
				CURRENT_PROJECT_VERSION = 1;
				DEVELOPMENT_TEAM = DZ9AV43LNJ;
				GENERATE_INFOPLIST_FILE = YES;
				MARKETING_VERSION = 1.0;
				PRODUCT_BUNDLE_IDENTIFIER = fr.bouboumael.MyToDoListUITests;
				PRODUCT_NAME = "$(TARGET_NAME)";
				SWIFT_EMIT_LOC_STRINGS = NO;
				SWIFT_VERSION = 5.0;
				TARGETED_DEVICE_FAMILY = "1,2";
				TEST_TARGET_NAME = MyToDoList;
			};
			name = Release;
		};
/* End XCBuildConfiguration section */

/* Begin XCConfigurationList section */
		D3B8F02B2A87DE3C000C5FC3 /* Build configuration list for PBXProject "MyToDoList" */ = {
			isa = XCConfigurationList;
			buildConfigurations = (
				D3B8F0572A87DE3D000C5FC3 /* Debug */,
				D3B8F0582A87DE3D000C5FC3 /* Release */,
			);
			defaultConfigurationIsVisible = 0;
			defaultConfigurationName = Release;
		};
		D3B8F0592A87DE3D000C5FC3 /* Build configuration list for PBXNativeTarget "MyToDoList" */ = {
			isa = XCConfigurationList;
			buildConfigurations = (
				D3B8F05A2A87DE3D000C5FC3 /* Debug */,
				D3B8F05B2A87DE3D000C5FC3 /* Release */,
			);
			defaultConfigurationIsVisible = 0;
			defaultConfigurationName = Release;
		};
		D3B8F05C2A87DE3D000C5FC3 /* Build configuration list for PBXNativeTarget "MyToDoListTests" */ = {
			isa = XCConfigurationList;
			buildConfigurations = (
				D3B8F05D2A87DE3D000C5FC3 /* Debug */,
				D3B8F05E2A87DE3D000C5FC3 /* Release */,
			);
			defaultConfigurationIsVisible = 0;
			defaultConfigurationName = Release;
		};
		D3B8F05F2A87DE3D000C5FC3 /* Build configuration list for PBXNativeTarget "MyToDoListUITests" */ = {
			isa = XCConfigurationList;
			buildConfigurations = (
				D3B8F0602A87DE3D000C5FC3 /* Debug */,
				D3B8F0612A87DE3D000C5FC3 /* Release */,
			);
			defaultConfigurationIsVisible = 0;
			defaultConfigurationName = Release;
		};
/* End XCConfigurationList section */

/* Begin XCVersionGroup section */
		D3B8F03E2A87DE3D000C5FC3 /* MyToDoList.xcdatamodeld */ = {
			isa = XCVersionGroup;
			children = (
				D3B8F03F2A87DE3D000C5FC3 /* MyToDoList.xcdatamodel */,
			);
			currentVersion = D3B8F03F2A87DE3D000C5FC3 /* MyToDoList.xcdatamodel */;
			path = MyToDoList.xcdatamodeld;
			sourceTree = "<group>";
			versionGroupType = wrapper.xcdatamodel;
		};
/* End XCVersionGroup section */
	};
	rootObject = D3B8F0282A87DE3C000C5FC3 /* Project object */;
}
